
Microsoft Visual Studio Solution File, Format Version 12.00
# Visual Studio Version 16
VisualStudioVersion = 16.0.28917.182
MinimumVisualStudioVersion = 10.0.40219.1
Project("{FAE04EC0-301F-11D3-BF4B-00C04F79EFBC}") = "BlazorCalculator.Server", "BlazorCalculator.Server\BlazorCalculator.Server.csproj", "{C3E771DF-DD03-47D7-A1B9-02E78345943C}"
EndProject
Project("{FAE04EC0-301F-11D3-BF4B-00C04F79EFBC}") = "BlazorCalculator.Client", "BlazorCalculator.Client\BlazorCalculator.Client.csproj", "{A4D6BFBB-15C1-4B55-90BD-BB08138DA369}"
EndProject
Global
	GlobalSection(SolutionConfigurationPlatforms) = preSolution
		Debug|Any CPU = Debug|Any CPU
		Release|Any CPU = Release|Any CPU
	EndGlobalSection
	GlobalSection(ProjectConfigurationPlatforms) = postSolution
		{C3E771DF-DD03-47D7-A1B9-02E78345943C}.Debug|Any CPU.ActiveCfg = Debug|Any CPU
		{C3E771DF-DD03-47D7-A1B9-02E78345943C}.Debug|Any CPU.Build.0 = Debug|Any CPU
		{C3E771DF-DD03-47D7-A1B9-02E78345943C}.Release|Any CPU.ActiveCfg = Release|Any CPU
		{C3E771DF-DD03-47D7-A1B9-02E78345943C}.Release|Any CPU.Build.0 = Release|Any CPU
		{A4D6BFBB-15C1-4B55-90BD-BB08138DA369}.Debug|Any CPU.ActiveCfg = Debug|Any CPU
		{A4D6BFBB-15C1-4B55-90BD-BB08138DA369}.Debug|Any CPU.Build.0 = Debug|Any CPU
		{A4D6BFBB-15C1-4B55-90BD-BB08138DA369}.Release|Any CPU.ActiveCfg = Release|Any CPU
		{A4D6BFBB-15C1-4B55-90BD-BB08138DA369}.Release|Any CPU.Build.0 = Release|Any CPU
	EndGlobalSection
	GlobalSection(SolutionProperties) = preSolution
		HideSolutionNode = FALSE
	EndGlobalSection
	GlobalSection(ExtensibilityGlobals) = postSolution
		SolutionGuid = {BE9E25C5-05B3-49FE-9904-91970B05ACD4}
	EndGlobalSection
EndGlobal
